{
    "name": "kennel",
    "lockfileVersion": 3,
    "packages": {
        "": {"dependencies": {"vue": "^3.5.0"}, "devDependencies": {"vite": "^6.0.0"}},
        "node_modules/vue": {"version": "3.5.13"},
        "node_modules/vite": {"version": "6.0.1", "dev": true},
        "node_modules/axios": {"version": "1.7.9"},
        "node_modules/@vue/server-renderer": {"version": "3.5.13"},
        "node_modules/vite/node_modules/esbuild": {"version": "0.24.0", "dev": true}
    }
}
